
Microsoft Visual Studio Solution File, Format Version 12.00
# Visual Studio Version 17
VisualStudioVersion = 17.3.32825.248
MinimumVisualStudioVersion = 10.0.40219.1
Project("{9A19103F-16F7-4668-BE54-9A1E7A4F7556}") = "TicTacToe.Core", "TicTacToe.Core\TicTacToe.Core.csproj", "{8F730315-DBE8-433F-A9CC-3EBEF6FBB84E}"
EndProject
Project("{9A19103F-16F7-4668-BE54-9A1E7A4F7556}") = "TicTacToe.Terminal", "TicTacToe.Terminal\TicTacToe.Terminal.csproj", "{9F35891B-F5EC-473F-8B5F-00DE4576E67D}"
EndProject
Project("{9A19103F-16F7-4668-BE54-9A1E7A4F7556}") = "TicTacToe.CoreTests", "TicTacToe.CoreTests\TicTacToe.CoreTests.csproj", "{C42DABA0-28E6-45DA-93DA-C044D610AE97}"
EndProject
Project("{FAE04EC0-301F-11D3-BF4B-00C04F79EFBC}") = "TicTacToe.WinForms", "TicTacToe.WinForms\TicTacToe.WinForms.csproj", "{84C04E66-4E88-4A58-9077-387694DFA900}"
EndProject
Global
	GlobalSection(SolutionConfigurationPlatforms) = preSolution
		Debug|Any CPU = Debug|Any CPU
		Release|Any CPU = Release|Any CPU
	EndGlobalSection
	GlobalSection(ProjectConfigurationPlatforms) = postSolution
		{8F730315-DBE8-433F-A9CC-3EBEF6FBB84E}.Debug|Any CPU.ActiveCfg = Debug|Any CPU
		{8F730315-DBE8-433F-A9CC-3EBEF6FBB84E}.Debug|Any CPU.Build.0 = Debug|Any CPU
		{8F730315-DBE8-433F-A9CC-3EBEF6FBB84E}.Release|Any CPU.ActiveCfg = Release|Any CPU
		{8F730315-DBE8-433F-A9CC-3EBEF6FBB84E}.Release|Any CPU.Build.0 = Release|Any CPU
		{9F35891B-F5EC-473F-8B5F-00DE4576E67D}.Debug|Any CPU.ActiveCfg = Debug|Any CPU
		{9F35891B-F5EC-473F-8B5F-00DE4576E67D}.Debug|Any CPU.Build.0 = Debug|Any CPU
		{9F35891B-F5EC-473F-8B5F-00DE4576E67D}.Release|Any CPU.ActiveCfg = Release|Any CPU
		{9F35891B-F5EC-473F-8B5F-00DE4576E67D}.Release|Any CPU.Build.0 = Release|Any CPU
		{C42DABA0-28E6-45DA-93DA-C044D610AE97}.Debug|Any CPU.ActiveCfg = Debug|Any CPU
		{C42DABA0-28E6-45DA-93DA-C044D610AE97}.Debug|Any CPU.Build.0 = Debug|Any CPU
		{C42DABA0-28E6-45DA-93DA-C044D610AE97}.Release|Any CPU.ActiveCfg = Release|Any CPU
		{C42DABA0-28E6-45DA-93DA-C044D610AE97}.Release|Any CPU.Build.0 = Release|Any CPU
		{84C04E66-4E88-4A58-9077-387694DFA900}.Debug|Any CPU.ActiveCfg = Debug|Any CPU
		{84C04E66-4E88-4A58-9077-387694DFA900}.Debug|Any CPU.Build.0 = Debug|Any CPU
		{84C04E66-4E88-4A58-9077-387694DFA900}.Release|Any CPU.ActiveCfg = Release|Any CPU
		{84C04E66-4E88-4A58-9077-387694DFA900}.Release|Any CPU.Build.0 = Release|Any CPU
	EndGlobalSection
	GlobalSection(SolutionProperties) = preSolution
		HideSolutionNode = FALSE
	EndGlobalSection
	GlobalSection(ExtensibilityGlobals) = postSolution
		SolutionGuid = {16B586D4-74AB-44D0-A506-ADC7D532C432}
	EndGlobalSection
EndGlobal
